
Microsoft Visual Studio Solution File, Format Version 12.00
# Visual Studio Version 16
VisualStudioVersion = 16.0.31829.152
MinimumVisualStudioVersion = 10.0.40219.1
Project("{FAE04EC0-301F-11D3-BF4B-00C04F79EFBC}") = "MCD_SystemIOWinForm", "MCD_SystemIOWinForm\MCD_SystemIOWinForm.csproj", "{9AFEF7F4-DFB8-4732-BFB8-EDE4B9B82A9B}"
EndProject
Global
	GlobalSection(SolutionConfigurationPlatforms) = preSolution
		Debug|Any CPU = Debug|Any CPU
		Release|Any CPU = Release|Any CPU
	EndGlobalSection
	GlobalSection(ProjectConfigurationPlatforms) = postSolution
		{9AFEF7F4-DFB8-4732-BFB8-EDE4B9B82A9B}.Debug|Any CPU.ActiveCfg = Debug|Any CPU
		{9AFEF7F4-DFB8-4732-BFB8-EDE4B9B82A9B}.Debug|Any CPU.Build.0 = Debug|Any CPU
		{9AFEF7F4-DFB8-4732-BFB8-EDE4B9B82A9B}.Release|Any CPU.ActiveCfg = Release|Any CPU
		{9AFEF7F4-DFB8-4732-BFB8-EDE4B9B82A9B}.Release|Any CPU.Build.0 = Release|Any CPU
	EndGlobalSection
	GlobalSection(SolutionProperties) = preSolution
		HideSolutionNode = FALSE
	EndGlobalSection
	GlobalSection(ExtensibilityGlobals) = postSolution
		SolutionGuid = {1E780998-6934-408F-8FF4-8F3D54949A2C}
	EndGlobalSection
EndGlobal
